
Microsoft Visual Studio Solution File, Format Version 12.00
# Visual Studio Version 16
VisualStudioVersion = 16.0.30621.155
MinimumVisualStudioVersion = 10.0.40219.1
Project("{FAE04EC0-301F-11D3-BF4B-00C04F79EFBC}") = "Neural", "RedeNeural\Neural.csproj", "{E4AACD91-01FC-450B-83BC-E91C1F40ABAE}"
EndProject
Global
	GlobalSection(SolutionConfigurationPlatforms) = preSolution
		Debug|Any CPU = Debug|Any CPU
		Release|Any CPU = Release|Any CPU
	EndGlobalSection
	GlobalSection(ProjectConfigurationPlatforms) = postSolution
		{E4AACD91-01FC-450B-83BC-E91C1F40ABAE}.Debug|Any CPU.ActiveCfg = Debug|Any CPU
		{E4AACD91-01FC-450B-83BC-E91C1F40ABAE}.Debug|Any CPU.Build.0 = Debug|Any CPU
		{E4AACD91-01FC-450B-83BC-E91C1F40ABAE}.Release|Any CPU.ActiveCfg = Release|Any CPU
		{E4AACD91-01FC-450B-83BC-E91C1F40ABAE}.Release|Any CPU.Build.0 = Release|Any CPU
	EndGlobalSection
	GlobalSection(SolutionProperties) = preSolution
		HideSolutionNode = FALSE
	EndGlobalSection
	GlobalSection(ExtensibilityGlobals) = postSolution
		SolutionGuid = {EC8D3F18-F920-47E5-8009-01F49AF80BF2}
	EndGlobalSection
EndGlobal
